
Microsoft Visual Studio Solution File, Format Version 12.00
# Visual Studio Version 17
VisualStudioVersion = 17.3.32922.545
MinimumVisualStudioVersion = 10.0.40219.1
Project("{FAE04EC0-301F-11D3-BF4B-00C04F79EFBC}") = "Cookies", "Cookies\Cookies.csproj", "{5FF56588-118A-4F01-A695-6C9C74635134}"
EndProject
Global
	GlobalSection(SolutionConfigurationPlatforms) = preSolution
		Debug|Any CPU = Debug|Any CPU
		Release|Any CPU = Release|Any CPU
	EndGlobalSection
	GlobalSection(ProjectConfigurationPlatforms) = postSolution
		{5FF56588-118A-4F01-A695-6C9C74635134}.Debug|Any CPU.ActiveCfg = Debug|Any CPU
		{5FF56588-118A-4F01-A695-6C9C74635134}.Debug|Any CPU.Build.0 = Debug|Any CPU
		{5FF56588-118A-4F01-A695-6C9C74635134}.Release|Any CPU.ActiveCfg = Release|Any CPU
		{5FF56588-118A-4F01-A695-6C9C74635134}.Release|Any CPU.Build.0 = Release|Any CPU
	EndGlobalSection
	GlobalSection(SolutionProperties) = preSolution
		HideSolutionNode = FALSE
	EndGlobalSection
	GlobalSection(ExtensibilityGlobals) = postSolution
		SolutionGuid = {D1ECCD26-3517-4B1F-8065-CC64E0CBC0E0}
	EndGlobalSection
EndGlobal
